
Microsoft Visual Studio Solution File, Format Version 12.00
# Visual Studio Version 16
VisualStudioVersion = 16.0.31911.196
MinimumVisualStudioVersion = 10.0.40219.1
Project("{FAE04EC0-301F-11D3-BF4B-00C04F79EFBC}") = "HelloWord", "HelloWord\HelloWord.csproj", "{EB7F6823-BEAD-4BDB-81A3-DEC5FBC42732}"
EndProject
Global
	GlobalSection(SolutionConfigurationPlatforms) = preSolution
		Debug|Any CPU = Debug|Any CPU
		Release|Any CPU = Release|Any CPU
	EndGlobalSection
	GlobalSection(ProjectConfigurationPlatforms) = postSolution
		{EB7F6823-BEAD-4BDB-81A3-DEC5FBC42732}.Debug|Any CPU.ActiveCfg = Debug|Any CPU
		{EB7F6823-BEAD-4BDB-81A3-DEC5FBC42732}.Debug|Any CPU.Build.0 = Debug|Any CPU
		{EB7F6823-BEAD-4BDB-81A3-DEC5FBC42732}.Release|Any CPU.ActiveCfg = Release|Any CPU
		{EB7F6823-BEAD-4BDB-81A3-DEC5FBC42732}.Release|Any CPU.Build.0 = Release|Any CPU
	EndGlobalSection
	GlobalSection(SolutionProperties) = preSolution
		HideSolutionNode = FALSE
	EndGlobalSection
	GlobalSection(ExtensibilityGlobals) = postSolution
		SolutionGuid = {57034AFF-B208-447B-BD83-15C02828F381}
	EndGlobalSection
EndGlobal
